// !$*UTF8*$!
{
	archiveVersion = 1;
	classes = {
	};
	objectVersion = 56;
	objects = {

/* Begin PBXBuildFile section */
		A1234567890123456789012A /* StitchVisionApp.swift in Sources */ = {isa = PBXBuildFile; fileRef = A1234567890123456789012B /* StitchVisionApp.swift */; };
		A1234567890123456789012C /* ContentView.swift in Sources */ = {isa = PBXBuildFile; fileRef = A1234567890123456789012D /* ContentView.swift */; };
		A1234567890123456789012E /* Assets.xcassets in Resources */ = {isa = PBXBuildFile; fileRef = A1234567890123456789012F /* Assets.xcassets */; };
		A1234567890123456789013A /* Preview Assets.xcassets in Resources */ = {isa = PBXBuildFile; fileRef = A1234567890123456789013B /* Preview Assets.xcassets */; };
		A1234567890123456789020A /* AppState.swift in Sources */ = {isa = PBXBuildFile; fileRef = A1234567890123456789020B /* AppState.swift */; };
		A1234567890123456789021A /* Project.swift in Sources */ = {isa = PBXBuildFile; fileRef = A1234567890123456789021B /* Project.swift */; };
		A1234567890123456789022A /* ProjectStore.swift in Sources */ = {isa = PBXBuildFile; fileRef = A1234567890123456789022B /* ProjectStore.swift */; };
		A1234567890123456789023A /* SplashView.swift in Sources */ = {isa = PBXBuildFile; fileRef = A1234567890123456789023B /* SplashView.swift */; };
		A1234567890123456789024A /* DashboardView.swift in Sources */ = {isa = PBXBuildFile; fileRef = A1234567890123456789024B /* DashboardView.swift */; };
		A1234567890123456789025A /* CraftSelectionView.swift in Sources */ = {isa = PBXBuildFile; fileRef = A1234567890123456789025B /* CraftSelectionView.swift */; };
		A1234567890123456789026A /* SkillLevelView.swift in Sources */ = {isa = PBXBuildFile; fileRef = A1234567890123456789026B /* SkillLevelView.swift */; };
		A1234567890123456789027A /* PlaceholderViews.swift in Sources */ = {isa = PBXBuildFile; fileRef = A1234567890123456789027B /* PlaceholderViews.swift */; };
		A1234567890123456789028A /* YarnBallMascotView.swift in Sources */ = {isa = PBXBuildFile; fileRef = A1234567890123456789028B /* YarnBallMascotView.swift */; };
		A1234567890123456789029A /* FloatingConfettiView.swift in Sources */ = {isa = PBXBuildFile; fileRef = A1234567890123456789029B /* FloatingConfettiView.swift */; };
		A1234567890123456789030B /* StruggleView.swift in Sources */ = {isa = PBXBuildFile; fileRef = A1234567890123456789030C /* StruggleView.swift */; };
		A1234567890123456789031B /* StatsProblemView.swift in Sources */ = {isa = PBXBuildFile; fileRef = A1234567890123456789031C /* StatsProblemView.swift */; };
		A1234567890123456789032B /* HabitFrequencyView.swift in Sources */ = {isa = PBXBuildFile; fileRef = A1234567890123456789032C /* HabitFrequencyView.swift */; };
		A1234567890123456789033B /* GoalSettingView.swift in Sources */ = {isa = PBXBuildFile; fileRef = A1234567890123456789033C /* GoalSettingView.swift */; };
		A1234567890123456789034B /* StatsSolutionView.swift in Sources */ = {isa = PBXBuildFile; fileRef = A1234567890123456789034C /* StatsSolutionView.swift */; };
		A1234567890123456789035B /* LoadingView.swift in Sources */ = {isa = PBXBuildFile; fileRef = A1234567890123456789035C /* LoadingView.swift */; };
		A1234567890123456789036B /* ResultView.swift in Sources */ = {isa = PBXBuildFile; fileRef = A1234567890123456789036C /* ResultView.swift */; };
		A1234567890123456789037B /* CameraPermissionsView.swift in Sources */ = {isa = PBXBuildFile; fileRef = A1234567890123456789037C /* CameraPermissionsView.swift */; };
		A1234567890123456789038B /* HowItWorksView.swift in Sources */ = {isa = PBXBuildFile; fileRef = A1234567890123456789038C /* HowItWorksView.swift */; };
		A1234567890123456789039B /* StatsView.swift in Sources */ = {isa = PBXBuildFile; fileRef = A1234567890123456789039C /* StatsView.swift */; };
		A1234567890123456789040B /* CalibrationView.swift in Sources */ = {isa = PBXBuildFile; fileRef = A1234567890123456789040C /* CalibrationView.swift */; };
		A1234567890123456789041B /* DownsellView.swift in Sources */ = {isa = PBXBuildFile; fileRef = A1234567890123456789041C /* DownsellView.swift */; };
		A1234567890123456789042B /* PermissionsView.swift in Sources */ = {isa = PBXBuildFile; fileRef = A1234567890123456789042C /* PermissionsView.swift */; };
		A1234567890123456789043B /* FreeTierWelcomeView.swift in Sources */ = {isa = PBXBuildFile; fileRef = A1234567890123456789043C /* FreeTierWelcomeView.swift */; };
		A1234567890123456789044B /* SubscriptionView.swift in Sources */ = {isa = PBXBuildFile; fileRef = A1234567890123456789044C /* SubscriptionView.swift */; };
		A1234567890123456789045B /* WorkModeView.swift in Sources */ = {isa = PBXBuildFile; fileRef = A1234567890123456789045C /* WorkModeView.swift */; };
		A1234567890123456789046B /* SessionSummaryView.swift in Sources */ = {isa = PBXBuildFile; fileRef = A1234567890123456789046C /* SessionSummaryView.swift */; };
		A1234567890123456789047B /* ProjectDetailView.swift in Sources */ = {isa = PBXBuildFile; fileRef = A1234567890123456789047C /* ProjectDetailView.swift */; };
		A1234567890123456789048B /* ProjectSetupView.swift in Sources */ = {isa = PBXBuildFile; fileRef = A1234567890123456789048C /* ProjectSetupView.swift */; };
		A1234567890123456789049B /* SettingsView.swift in Sources */ = {isa = PBXBuildFile; fileRef = A1234567890123456789049C /* SettingsView.swift */; };
		A1234567890123456789050B /* PatternUploadView.swift in Sources */ = {isa = PBXBuildFile; fileRef = A1234567890123456789050C /* PatternUploadView.swift */; };
		A1234567890123456789051B /* PatternVerificationView.swift in Sources */ = {isa = PBXBuildFile; fileRef = A1234567890123456789051C /* PatternVerificationView.swift */; };
		A1234567890123456789052B /* HelpSupportView.swift in Sources */ = {isa = PBXBuildFile; fileRef = A1234567890123456789052C /* HelpSupportView.swift */; };
		A1234567890123456789053B /* NotificationsView.swift in Sources */ = {isa = PBXBuildFile; fileRef = A1234567890123456789053C /* NotificationsView.swift */; };
		A1234567890123456789054B /* ProfileEditorView.swift in Sources */ = {isa = PBXBuildFile; fileRef = A1234567890123456789054C /* ProfileEditorView.swift */; };
		A1234567890123456789055B /* UserDefaultsManager.swift in Sources */ = {isa = PBXBuildFile; fileRef = A1234567890123456789055C /* UserDefaultsManager.swift */; };
		A1234567890123456789056B /* CameraPermissionManager.swift in Sources */ = {isa = PBXBuildFile; fileRef = A1234567890123456789056C /* CameraPermissionManager.swift */; };
		A1234567890123456789057B /* EnhancedSubscriptionView.swift in Sources */ = {isa = PBXBuildFile; fileRef = A1234567890123456789057C /* EnhancedSubscriptionView.swift */; };
		A1234567890123456789058B /* AuthenticationView.swift in Sources */ = {isa = PBXBuildFile; fileRef = A1234567890123456789058C /* AuthenticationView.swift */; };
		A1234567890123456789059B /* FreeVsProComparisonView.swift in Sources */ = {isa = PBXBuildFile; fileRef = A1234567890123456789059C /* FreeVsProComparisonView.swift */; };
		A1234567890123456789060B /* UpgradePrompts.swift in Sources */ = {isa = PBXBuildFile; fileRef = A1234567890123456789060C /* UpgradePrompts.swift */; };
		A1234567890123456789061B /* StitchDoctorDiagnosisView.swift in Sources */ = {isa = PBXBuildFile; fileRef = A1234567890123456789061C /* StitchDoctorDiagnosisView.swift */; };
		A1234567890123456789062B /* LoadingScreenView.swift in Sources */ = {isa = PBXBuildFile; fileRef = A1234567890123456789062C /* LoadingScreenView.swift */; };
		A1234567890123456789063B /* VisionCounter.swift in Sources */ = {isa = PBXBuildFile; fileRef = A1234567890123456789063D /* VisionCounter.swift */; };
		A1234567890123456789064B /* CameraManager.swift in Sources */ = {isa = PBXBuildFile; fileRef = A1234567890123456789064D /* CameraManager.swift */; };
		A1234567890123456789065B /* CameraPreviewView.swift in Sources */ = {isa = PBXBuildFile; fileRef = A1234567890123456789065D /* CameraPreviewView.swift */; };
		A1234567890123456789066B /* VisionSettingsView.swift in Sources */ = {isa = PBXBuildFile; fileRef = A1234567890123456789066D /* VisionSettingsView.swift */; };
		A1234567890123456789067B /* CoreMLStitchClassifier.swift in Sources */ = {isa = PBXBuildFile; fileRef = A1234567890123456789067D /* CoreMLStitchClassifier.swift */; };
		A1234567890123456789068B /* ModelTestView.swift in Sources */ = {isa = PBXBuildFile; fileRef = A1234567890123456789068D /* ModelTestView.swift */; };
		A1234567890123456789069B /* GeminiVisionService.swift in Sources */ = {isa = PBXBuildFile; fileRef = A1234567890123456789069D /* GeminiVisionService.swift */; };
		A1234567890123456789070B /* GeminiSettingsView.swift in Sources */ = {isa = PBXBuildFile; fileRef = A1234567890123456789070D /* GeminiSettingsView.swift */; };
/* End PBXBuildFile section */

/* Begin PBXFileReference section */
		A1234567890123456789013C /* StitchVision.app */ = {isa = PBXFileReference; explicitFileType = wrapper.application; includeInIndex = 0; path = StitchVision.app; sourceTree = BUILT_PRODUCTS_DIR; };
		A1234567890123456789012B /* StitchVisionApp.swift */ = {isa = PBXFileReference; lastKnownFileType = sourcecode.swift; path = StitchVisionApp.swift; sourceTree = "<group>"; };
		A1234567890123456789012D /* ContentView.swift */ = {isa = PBXFileReference; lastKnownFileType = sourcecode.swift; path = ContentView.swift; sourceTree = "<group>"; };
		A1234567890123456789012F /* Assets.xcassets */ = {isa = PBXFileReference; lastKnownFileType = folder.assetcatalog; path = Assets.xcassets; sourceTree = "<group>"; };
		A1234567890123456789013B /* Preview Assets.xcassets */ = {isa = PBXFileReference; lastKnownFileType = folder.assetcatalog; path = "Preview Assets.xcassets"; sourceTree = "<group>"; };
		A1234567890123456789020B /* AppState.swift */ = {isa = PBXFileReference; lastKnownFileType = sourcecode.swift; path = AppState.swift; sourceTree = "<group>"; };
		A1234567890123456789021B /* Project.swift */ = {isa = PBXFileReference; lastKnownFileType = sourcecode.swift; path = Project.swift; sourceTree = "<group>"; };
		A1234567890123456789022B /* ProjectStore.swift */ = {isa = PBXFileReference; lastKnownFileType = sourcecode.swift; path = ProjectStore.swift; sourceTree = "<group>"; };
		A1234567890123456789023B /* SplashView.swift */ = {isa = PBXFileReference; lastKnownFileType = sourcecode.swift; path = SplashView.swift; sourceTree = "<group>"; };
		A1234567890123456789024B /* DashboardView.swift */ = {isa = PBXFileReference; lastKnownFileType = sourcecode.swift; path = DashboardView.swift; sourceTree = "<group>"; };
		A1234567890123456789025B /* CraftSelectionView.swift */ = {isa = PBXFileReference; lastKnownFileType = sourcecode.swift; path = CraftSelectionView.swift; sourceTree = "<group>"; };
		A1234567890123456789026B /* SkillLevelView.swift */ = {isa = PBXFileReference; lastKnownFileType = sourcecode.swift; path = SkillLevelView.swift; sourceTree = "<group>"; };
		A1234567890123456789027B /* PlaceholderViews.swift */ = {isa = PBXFileReference; lastKnownFileType = sourcecode.swift; path = PlaceholderViews.swift; sourceTree = "<group>"; };
		A1234567890123456789028B /* YarnBallMascotView.swift */ = {isa = PBXFileReference; lastKnownFileType = sourcecode.swift; path = YarnBallMascotView.swift; sourceTree = "<group>"; };
		A1234567890123456789029B /* FloatingConfettiView.swift */ = {isa = PBXFileReference; lastKnownFileType = sourcecode.swift; path = FloatingConfettiView.swift; sourceTree = "<group>"; };
		A1234567890123456789030C /* StruggleView.swift */ = {isa = PBXFileReference; lastKnownFileType = sourcecode.swift; path = StruggleView.swift; sourceTree = "<group>"; };
		A1234567890123456789031C /* StatsProblemView.swift */ = {isa = PBXFileReference; lastKnownFileType = sourcecode.swift; path = StatsProblemView.swift; sourceTree = "<group>"; };
		A1234567890123456789032C /* HabitFrequencyView.swift */ = {isa = PBXFileReference; lastKnownFileType = sourcecode.swift; path = HabitFrequencyView.swift; sourceTree = "<group>"; };
		A1234567890123456789033C /* GoalSettingView.swift */ = {isa = PBXFileReference; lastKnownFileType = sourcecode.swift; path = GoalSettingView.swift; sourceTree = "<group>"; };
		A1234567890123456789034C /* StatsSolutionView.swift */ = {isa = PBXFileReference; lastKnownFileType = sourcecode.swift; path = StatsSolutionView.swift; sourceTree = "<group>"; };
		A1234567890123456789035C /* LoadingView.swift */ = {isa = PBXFileReference; lastKnownFileType = sourcecode.swift; path = LoadingView.swift; sourceTree = "<group>"; };
		A1234567890123456789036C /* ResultView.swift */ = {isa = PBXFileReference; lastKnownFileType = sourcecode.swift; path = ResultView.swift; sourceTree = "<group>"; };
		A1234567890123456789037C /* CameraPermissionsView.swift */ = {isa = PBXFileReference; lastKnownFileType = sourcecode.swift; path = CameraPermissionsView.swift; sourceTree = "<group>"; };
		A1234567890123456789038C /* HowItWorksView.swift */ = {isa = PBXFileReference; lastKnownFileType = sourcecode.swift; path = HowItWorksView.swift; sourceTree = "<group>"; };
		A1234567890123456789039C /* StatsView.swift */ = {isa = PBXFileReference; lastKnownFileType = sourcecode.swift; path = StatsView.swift; sourceTree = "<group>"; };
		A1234567890123456789040C /* CalibrationView.swift */ = {isa = PBXFileReference; lastKnownFileType = sourcecode.swift; path = CalibrationView.swift; sourceTree = "<group>"; };
		A1234567890123456789041C /* DownsellView.swift */ = {isa = PBXFileReference; lastKnownFileType = sourcecode.swift; path = DownsellView.swift; sourceTree = "<group>"; };
		A1234567890123456789042C /* PermissionsView.swift */ = {isa = PBXFileReference; lastKnownFileType = sourcecode.swift; path = PermissionsView.swift; sourceTree = "<group>"; };
		A1234567890123456789043C /* FreeTierWelcomeView.swift */ = {isa = PBXFileReference; lastKnownFileType = sourcecode.swift; path = FreeTierWelcomeView.swift; sourceTree = "<group>"; };
		A1234567890123456789044C /* SubscriptionView.swift */ = {isa = PBXFileReference; lastKnownFileType = sourcecode.swift; path = SubscriptionView.swift; sourceTree = "<group>"; };
		A1234567890123456789045C /* WorkModeView.swift */ = {isa = PBXFileReference; lastKnownFileType = sourcecode.swift; path = WorkModeView.swift; sourceTree = "<group>"; };
		A1234567890123456789046C /* SessionSummaryView.swift */ = {isa = PBXFileReference; lastKnownFileType = sourcecode.swift; path = SessionSummaryView.swift; sourceTree = "<group>"; };
		A1234567890123456789047C /* ProjectDetailView.swift */ = {isa = PBXFileReference; lastKnownFileType = sourcecode.swift; path = ProjectDetailView.swift; sourceTree = "<group>"; };
		A1234567890123456789048C /* ProjectSetupView.swift */ = {isa = PBXFileReference; lastKnownFileType = sourcecode.swift; path = ProjectSetupView.swift; sourceTree = "<group>"; };
		A1234567890123456789049C /* SettingsView.swift */ = {isa = PBXFileReference; lastKnownFileType = sourcecode.swift; path = SettingsView.swift; sourceTree = "<group>"; };
		A1234567890123456789050C /* PatternUploadView.swift */ = {isa = PBXFileReference; lastKnownFileType = sourcecode.swift; path = PatternUploadView.swift; sourceTree = "<group>"; };
		A1234567890123456789051C /* PatternVerificationView.swift */ = {isa = PBXFileReference; lastKnownFileType = sourcecode.swift; path = PatternVerificationView.swift; sourceTree = "<group>"; };
		A1234567890123456789052C /* HelpSupportView.swift */ = {isa = PBXFileReference; lastKnownFileType = sourcecode.swift; path = HelpSupportView.swift; sourceTree = "<group>"; };
		A1234567890123456789053C /* NotificationsView.swift */ = {isa = PBXFileReference; lastKnownFileType = sourcecode.swift; path = NotificationsView.swift; sourceTree = "<group>"; };
		A1234567890123456789054C /* ProfileEditorView.swift */ = {isa = PBXFileReference; lastKnownFileType = sourcecode.swift; path = ProfileEditorView.swift; sourceTree = "<group>"; };
		A1234567890123456789055C /* UserDefaultsManager.swift */ = {isa = PBXFileReference; lastKnownFileType = sourcecode.swift; path = UserDefaultsManager.swift; sourceTree = "<group>"; };
		A1234567890123456789056C /* CameraPermissionManager.swift */ = {isa = PBXFileReference; lastKnownFileType = sourcecode.swift; path = CameraPermissionManager.swift; sourceTree = "<group>"; };
		A1234567890123456789057C /* EnhancedSubscriptionView.swift */ = {isa = PBXFileReference; lastKnownFileType = sourcecode.swift; path = EnhancedSubscriptionView.swift; sourceTree = "<group>"; };
		A1234567890123456789058C /* AuthenticationView.swift */ = {isa = PBXFileReference; lastKnownFileType = sourcecode.swift; path = AuthenticationView.swift; sourceTree = "<group>"; };
		A1234567890123456789059C /* FreeVsProComparisonView.swift */ = {isa = PBXFileReference; lastKnownFileType = sourcecode.swift; path = FreeVsProComparisonView.swift; sourceTree = "<group>"; };
		A1234567890123456789060C /* UpgradePrompts.swift */ = {isa = PBXFileReference; lastKnownFileType = sourcecode.swift; path = UpgradePrompts.swift; sourceTree = "<group>"; };
		A1234567890123456789061C /* StitchDoctorDiagnosisView.swift */ = {isa = PBXFileReference; lastKnownFileType = sourcecode.swift; path = StitchDoctorDiagnosisView.swift; sourceTree = "<group>"; };
		A1234567890123456789062C /* LoadingScreenView.swift */ = {isa = PBXFileReference; lastKnownFileType = sourcecode.swift; path = LoadingScreenView.swift; sourceTree = "<group>"; };
		A1234567890123456789063C /* Info.plist */ = {isa = PBXFileReference; lastKnownFileType = text.plist.xml; path = Info.plist; sourceTree = "<group>"; };
		A1234567890123456789063D /* VisionCounter.swift */ = {isa = PBXFileReference; lastKnownFileType = sourcecode.swift; path = VisionCounter.swift; sourceTree = "<group>"; };
		A1234567890123456789064D /* CameraManager.swift */ = {isa = PBXFileReference; lastKnownFileType = sourcecode.swift; path = CameraManager.swift; sourceTree = "<group>"; };
		A1234567890123456789065D /* CameraPreviewView.swift */ = {isa = PBXFileReference; lastKnownFileType = sourcecode.swift; path = CameraPreviewView.swift; sourceTree = "<group>"; };
		A1234567890123456789066D /* VisionSettingsView.swift */ = {isa = PBXFileReference; lastKnownFileType = sourcecode.swift; path = VisionSettingsView.swift; sourceTree = "<group>"; };
		A1234567890123456789067D /* CoreMLStitchClassifier.swift */ = {isa = PBXFileReference; lastKnownFileType = sourcecode.swift; path = CoreMLStitchClassifier.swift; sourceTree = "<group>"; };
		A1234567890123456789068D /* ModelTestView.swift */ = {isa = PBXFileReference; lastKnownFileType = sourcecode.swift; path = ModelTestView.swift; sourceTree = "<group>"; };
		A1234567890123456789069D /* GeminiVisionService.swift */ = {isa = PBXFileReference; lastKnownFileType = sourcecode.swift; path = GeminiVisionService.swift; sourceTree = "<group>"; };
		A1234567890123456789070D /* GeminiSettingsView.swift */ = {isa = PBXFileReference; lastKnownFileType = sourcecode.swift; path = GeminiSettingsView.swift; sourceTree = "<group>"; };
/* End PBXFileReference section */

/* Begin PBXFrameworksBuildPhase section */
		A1234567890123456789013D /* Frameworks */ = {
			isa = PBXFrameworksBuildPhase;
			buildActionMask = 2147483647;
			files = (
			);
			runOnlyForDeploymentPostprocessing = 0;
		};
/* End PBXFrameworksBuildPhase section */

/* Begin PBXGroup section */
		A1234567890123456789013E /* StitchVision */ = {
			isa = PBXGroup;
			children = (
				A1234567890123456789012B /* StitchVisionApp.swift */,
				A1234567890123456789012D /* ContentView.swift */,
				A1234567890123456789063C /* Info.plist */,
				A1234567890123456789013F /* Models */,
				A1234567890123456789014A /* Views */,
				A1234567890123456789014B /* ViewModels */,
				A1234567890123456789014C /* Services */,
				A1234567890123456789012F /* Assets.xcassets */,
				A1234567890123456789014D /* Preview Content */,
			);
			path = StitchVision;
			sourceTree = "<group>";
		};
		A1234567890123456789014D /* Preview Content */ = {
			isa = PBXGroup;
			children = (
				A1234567890123456789013B /* Preview Assets.xcassets */,
			);
			path = "Preview Content";
			sourceTree = "<group>";
		};
		A1234567890123456789013F /* Models */ = {
			isa = PBXGroup;
			children = (
				A1234567890123456789020B /* AppState.swift */,
				A1234567890123456789021B /* Project.swift */,
			);
			path = Models;
			sourceTree = "<group>";
		};
		A1234567890123456789014A /* Views */ = {
			isa = PBXGroup;
			children = (
				A1234567890123456789023B /* SplashView.swift */,
				A1234567890123456789024B /* DashboardView.swift */,
				A1234567890123456789045C /* WorkModeView.swift */,
				A1234567890123456789046C /* SessionSummaryView.swift */,
				A1234567890123456789047C /* ProjectDetailView.swift */,
				A1234567890123456789048C /* ProjectSetupView.swift */,
				A1234567890123456789049C /* SettingsView.swift */,
				A1234567890123456789050C /* PatternUploadView.swift */,
				A1234567890123456789051C /* PatternVerificationView.swift */,
				A1234567890123456789052C /* HelpSupportView.swift */,
				A1234567890123456789053C /* NotificationsView.swift */,
				A1234567890123456789054C /* ProfileEditorView.swift */,
				A1234567890123456789027B /* PlaceholderViews.swift */,
				A1234567890123456789030A /* Onboarding */,
				A1234567890123456789064A /* Subscription */,
				A1234567890123456789065A /* WorkMode */,
				A1234567890123456789031A /* Shared */,
			);
			path = Views;
			sourceTree = "<group>";
		};
		A1234567890123456789030A /* Onboarding */ = {
			isa = PBXGroup;
			children = (
				A1234567890123456789025B /* CraftSelectionView.swift */,
				A1234567890123456789026B /* SkillLevelView.swift */,
				A1234567890123456789030C /* StruggleView.swift */,
				A1234567890123456789031C /* StatsProblemView.swift */,
				A1234567890123456789032C /* HabitFrequencyView.swift */,
				A1234567890123456789033C /* GoalSettingView.swift */,
				A1234567890123456789034C /* StatsSolutionView.swift */,
				A1234567890123456789035C /* LoadingView.swift */,
				A1234567890123456789036C /* ResultView.swift */,
				A1234567890123456789037C /* CameraPermissionsView.swift */,
				A1234567890123456789038C /* HowItWorksView.swift */,
				A1234567890123456789039C /* StatsView.swift */,
				A1234567890123456789040C /* CalibrationView.swift */,
				A1234567890123456789041C /* DownsellView.swift */,
				A1234567890123456789042C /* PermissionsView.swift */,
				A1234567890123456789043C /* FreeTierWelcomeView.swift */,
				A1234567890123456789044C /* SubscriptionView.swift */,
			);
			path = Onboarding;
			sourceTree = "<group>";
		};
		A1234567890123456789031A /* Shared */ = {
			isa = PBXGroup;
			children = (
				A1234567890123456789028B /* YarnBallMascotView.swift */,
				A1234567890123456789029B /* FloatingConfettiView.swift */,
				A1234567890123456789062C /* LoadingScreenView.swift */,
				A1234567890123456789065D /* CameraPreviewView.swift */,
			);
			path = Shared;
			sourceTree = "<group>";
		};
		A1234567890123456789064A /* Subscription */ = {
			isa = PBXGroup;
			children = (
				A1234567890123456789057C /* EnhancedSubscriptionView.swift */,
				A1234567890123456789058C /* AuthenticationView.swift */,
				A1234567890123456789059C /* FreeVsProComparisonView.swift */,
				A1234567890123456789060C /* UpgradePrompts.swift */,
			);
			path = Subscription;
			sourceTree = "<group>";
		};
		A1234567890123456789065A /* WorkMode */ = {
			isa = PBXGroup;
			children = (
				A1234567890123456789061C /* StitchDoctorDiagnosisView.swift */,
				A1234567890123456789070D /* GeminiSettingsView.swift */,
			);
			path = WorkMode;
			sourceTree = "<group>";
		};
		A1234567890123456789014B /* ViewModels */ = {
			isa = PBXGroup;
			children = (
				A1234567890123456789022B /* ProjectStore.swift */,
			);
			path = ViewModels;
			sourceTree = "<group>";
		};
		A1234567890123456789014C /* Services */ = {
			isa = PBXGroup;
			children = (
				A1234567890123456789055C /* UserDefaultsManager.swift */,
				A1234567890123456789056C /* CameraPermissionManager.swift */,
				A1234567890123456789064D /* CameraManager.swift */,
				A1234567890123456789069D /* GeminiVisionService.swift */,
			);
			path = Services;
			sourceTree = "<group>";
		};
		A1234567890123456789014E /* Products */ = {
			isa = PBXGroup;
			children = (
				A1234567890123456789013C /* StitchVision.app */,
			);
			name = Products;
			sourceTree = "<group>";
		};
		A1234567890123456789014F /* */ = {
			isa = PBXGroup;
			children = (
				A1234567890123456789013E /* StitchVision */,
				A1234567890123456789014E /* Products */,
			);
			sourceTree = "<group>";
		};
/* End PBXGroup section */

/* Begin PBXNativeTarget section */
		A1234567890123456789015A /* StitchVision */ = {
			isa = PBXNativeTarget;
			buildConfigurationList = A1234567890123456789015B /* Build configuration list for PBXNativeTarget "StitchVision" */;
			buildPhases = (
				A1234567890123456789015C /* Sources */,
				A1234567890123456789013D /* Frameworks */,
				A1234567890123456789015D /* Resources */,
			);
			buildRules = (
			);
			dependencies = (
			);
			name = StitchVision;
			productName = StitchVision;
			productReference = A1234567890123456789013C /* StitchVision.app */;
			productType = "com.apple.product-type.application";
		};
/* End PBXNativeTarget section */

/* Begin PBXProject section */
		A1234567890123456789015E /* Project object */ = {
			isa = PBXProject;
			attributes = {
				BuildIndependentTargetsInParallel = 1;
				LastSwiftUpdateCheck = 1500;
				LastUpgradeCheck = 1500;
				TargetAttributes = {
					A1234567890123456789015A = {
						CreatedOnToolsVersion = 15.0;
					};
				};
			};
			buildConfigurationList = A1234567890123456789015F /* Build configuration list for PBXProject "StitchVision" */;
			compatibilityVersion = "Xcode 14.0";
			developmentRegion = en;
			hasScannedForEncodings = 0;
			knownRegions = (
				en,
				Base,
			);
			mainGroup = A1234567890123456789014F /* */;
			productRefGroup = A1234567890123456789014E /* Products */;
			projectDirPath = "";
			projectRoot = "";
			targets = (
				A1234567890123456789015A /* StitchVision */,
			);
		};
/* End PBXProject section */

/* Begin PBXResourcesBuildPhase section */
		A1234567890123456789015D /* Resources */ = {
			isa = PBXResourcesBuildPhase;
			buildActionMask = 2147483647;
			files = (
				A1234567890123456789013A /* Preview Assets.xcassets in Resources */,
				A1234567890123456789012E /* Assets.xcassets in Resources */,
			);
			runOnlyForDeploymentPostprocessing = 0;
		};
/* End PBXResourcesBuildPhase section */

/* Begin PBXSourcesBuildPhase section */
		A1234567890123456789015C /* Sources */ = {
			isa = PBXSourcesBuildPhase;
			buildActionMask = 2147483647;
			files = (
				A1234567890123456789012C /* ContentView.swift in Sources */,
				A1234567890123456789012A /* StitchVisionApp.swift in Sources */,
				A1234567890123456789020A /* AppState.swift in Sources */,
				A1234567890123456789021A /* Project.swift in Sources */,
				A1234567890123456789022A /* ProjectStore.swift in Sources */,
				A1234567890123456789023A /* SplashView.swift in Sources */,
				A1234567890123456789024A /* DashboardView.swift in Sources */,
				A1234567890123456789025A /* CraftSelectionView.swift in Sources */,
				A1234567890123456789026A /* SkillLevelView.swift in Sources */,
				A1234567890123456789027A /* PlaceholderViews.swift in Sources */,
				A1234567890123456789028A /* YarnBallMascotView.swift in Sources */,
				A1234567890123456789029A /* FloatingConfettiView.swift in Sources */,
				A1234567890123456789030B /* StruggleView.swift in Sources */,
				A1234567890123456789031B /* StatsProblemView.swift in Sources */,
				A1234567890123456789032B /* HabitFrequencyView.swift in Sources */,
				A1234567890123456789033B /* GoalSettingView.swift in Sources */,
				A1234567890123456789034B /* StatsSolutionView.swift in Sources */,
				A1234567890123456789035B /* LoadingView.swift in Sources */,
				A1234567890123456789036B /* ResultView.swift in Sources */,
				A1234567890123456789037B /* CameraPermissionsView.swift in Sources */,
				A1234567890123456789038B /* HowItWorksView.swift in Sources */,
				A1234567890123456789039B /* StatsView.swift in Sources */,
				A1234567890123456789040B /* CalibrationView.swift in Sources */,
				A1234567890123456789041B /* DownsellView.swift in Sources */,
				A1234567890123456789042B /* PermissionsView.swift in Sources */,
				A1234567890123456789043B /* FreeTierWelcomeView.swift in Sources */,
				A1234567890123456789044B /* SubscriptionView.swift in Sources */,
				A1234567890123456789045B /* WorkModeView.swift in Sources */,
				A1234567890123456789046B /* SessionSummaryView.swift in Sources */,
				A1234567890123456789047B /* ProjectDetailView.swift in Sources */,
				A1234567890123456789048B /* ProjectSetupView.swift in Sources */,
				A1234567890123456789049B /* SettingsView.swift in Sources */,
				A1234567890123456789050B /* PatternUploadView.swift in Sources */,
				A1234567890123456789051B /* PatternVerificationView.swift in Sources */,
				A1234567890123456789052B /* HelpSupportView.swift in Sources */,
				A1234567890123456789053B /* NotificationsView.swift in Sources */,
				A1234567890123456789054B /* ProfileEditorView.swift in Sources */,
				A1234567890123456789055B /* UserDefaultsManager.swift in Sources */,
				A1234567890123456789056B /* CameraPermissionManager.swift in Sources */,
				A1234567890123456789057B /* EnhancedSubscriptionView.swift in Sources */,
				A1234567890123456789058B /* AuthenticationView.swift in Sources */,
				A1234567890123456789059B /* FreeVsProComparisonView.swift in Sources */,
				A1234567890123456789060B /* UpgradePrompts.swift in Sources */,
				A1234567890123456789061B /* StitchDoctorDiagnosisView.swift in Sources */,
				A1234567890123456789062B /* LoadingScreenView.swift in Sources */,
				A1234567890123456789063B /* VisionCounter.swift in Sources */,
				A1234567890123456789064B /* CameraManager.swift in Sources */,
				A1234567890123456789065B /* CameraPreviewView.swift in Sources */,
				A1234567890123456789066B /* VisionSettingsView.swift in Sources */,
				A1234567890123456789069B /* GeminiVisionService.swift in Sources */,
				A1234567890123456789070B /* GeminiSettingsView.swift in Sources */,
			);
			runOnlyForDeploymentPostprocessing = 0;
		};
/* End PBXSourcesBuildPhase section */

/* Begin XCBuildConfiguration section */
		A1234567890123456789016A /* Debug */ = {
			isa = XCBuildConfiguration;
			buildSettings = {
				ALWAYS_SEARCH_USER_PATHS = NO;
				ASSETCATALOG_COMPILER_GENERATE_SWIFT_ASSET_SYMBOL_EXTENSIONS = YES;
				CLANG_ANALYZER_NONNULL = YES;
				CLANG_ANALYZER_NUMBER_OBJECT_CONVERSION = YES_AGGRESSIVE;
				CLANG_CXX_LANGUAGE_STANDARD = "gnu++20";
				CLANG_ENABLE_MODULES = YES;
				CLANG_ENABLE_OBJC_ARC = YES;
				CLANG_ENABLE_OBJC_WEAK = YES;
				CLANG_WARN_BLOCK_CAPTURE_AUTORELEASING = YES;
				CLANG_WARN_BOOL_CONVERSION = YES;
				CLANG_WARN_COMMA = YES;
				CLANG_WARN_CONSTANT_CONVERSION = YES;
				CLANG_WARN_DEPRECATED_OBJC_IMPLEMENTATIONS = YES;
				CLANG_WARN_DIRECT_OBJC_ISA_USAGE = YES_ERROR;
				CLANG_WARN_DOCUMENTATION_COMMENTS = YES;
				CLANG_WARN_EMPTY_BODY = YES;
				CLANG_WARN_ENUM_CONVERSION = YES;
				CLANG_WARN_INFINITE_RECURSION = YES;
				CLANG_WARN_INT_CONVERSION = YES;
				CLANG_WARN_NON_LITERAL_NULL_CONVERSION = YES;
				CLANG_WARN_OBJC_IMPLICIT_RETAIN_SELF = YES;
				CLANG_WARN_OBJC_LITERAL_CONVERSION = YES;
				CLANG_WARN_OBJC_ROOT_CLASS = YES_ERROR;
				CLANG_WARN_QUOTED_INCLUDE_IN_FRAMEWORK_HEADER = YES;
				CLANG_WARN_RANGE_LOOP_ANALYSIS = YES;
				CLANG_WARN_STRICT_PROTOTYPES = YES;
				CLANG_WARN_SUSPICIOUS_MOVE = YES;
				CLANG_WARN_UNGUARDED_AVAILABILITY = YES_AGGRESSIVE;
				CLANG_WARN_UNREACHABLE_CODE = YES;
				CLANG_WARN__DUPLICATE_METHOD_MATCH = YES;
				COPY_PHASE_STRIP = NO;
				DEBUG_INFORMATION_FORMAT = dwarf;
				ENABLE_STRICT_OBJC_MSGSEND = YES;
				ENABLE_TESTABILITY = YES;
				ENABLE_USER_SCRIPT_SANDBOXING = YES;
				GCC_C_LANGUAGE_STANDARD = gnu17;
				GCC_DYNAMIC_NO_PIC = NO;
				GCC_NO_COMMON_BLOCKS = YES;
				GCC_OPTIMIZATION_LEVEL = 0;
				GCC_PREPROCESSOR_DEFINITIONS = (
					"DEBUG=1",
					"$(inherited)",
				);
				GCC_WARN_64_TO_32_BIT_CONVERSION = YES;
				GCC_WARN_ABOUT_RETURN_TYPE = YES_ERROR;
				GCC_WARN_UNDECLARED_SELECTOR = YES;
				GCC_WARN_UNINITIALIZED_AUTOS = YES_AGGRESSIVE;
				GCC_WARN_UNUSED_FUNCTION = YES;
				GCC_WARN_UNUSED_VARIABLE = YES;
				IPHONEOS_DEPLOYMENT_TARGET = 17.0;
				LOCALIZATION_PREFERS_STRING_CATALOGS = YES;
				MTL_ENABLE_DEBUG_INFO = INCLUDE_SOURCE;
				MTL_FAST_MATH = YES;
				ONLY_ACTIVE_ARCH = YES;
				SDKROOT = iphoneos;
				SWIFT_ACTIVE_COMPILATION_CONDITIONS = "DEBUG $(inherited)";
				SWIFT_OPTIMIZATION_LEVEL = "-Onone";
			};
			name = Debug;
		};
		A1234567890123456789016B /* Release */ = {
			isa = XCBuildConfiguration;
			buildSettings = {
				ALWAYS_SEARCH_USER_PATHS = NO;
				ASSETCATALOG_COMPILER_GENERATE_SWIFT_ASSET_SYMBOL_EXTENSIONS = YES;
				CLANG_ANALYZER_NONNULL = YES;
				CLANG_ANALYZER_NUMBER_OBJECT_CONVERSION = YES_AGGRESSIVE;
				CLANG_CXX_LANGUAGE_STANDARD = "gnu++20";
				CLANG_ENABLE_MODULES = YES;
				CLANG_ENABLE_OBJC_ARC = YES;
				CLANG_ENABLE_OBJC_WEAK = YES;
				CLANG_WARN_BLOCK_CAPTURE_AUTORELEASING = YES;
				CLANG_WARN_BOOL_CONVERSION = YES;
				CLANG_WARN_COMMA = YES;
				CLANG_WARN_CONSTANT_CONVERSION = YES;
				CLANG_WARN_DEPRECATED_OBJC_IMPLEMENTATIONS = YES;
				CLANG_WARN_DIRECT_OBJC_ISA_USAGE = YES_ERROR;
				CLANG_WARN_DOCUMENTATION_COMMENTS = YES;
				CLANG_WARN_EMPTY_BODY = YES;
				CLANG_WARN_ENUM_CONVERSION = YES;
				CLANG_WARN_INFINITE_RECURSION = YES;
				CLANG_WARN_INT_CONVERSION = YES;
				CLANG_WARN_NON_LITERAL_NULL_CONVERSION = YES;
				CLANG_WARN_OBJC_IMPLICIT_RETAIN_SELF = YES;
				CLANG_WARN_OBJC_LITERAL_CONVERSION = YES;
				CLANG_WARN_OBJC_ROOT_CLASS = YES_ERROR;
				CLANG_WARN_QUOTED_INCLUDE_IN_FRAMEWORK_HEADER = YES;
				CLANG_WARN_RANGE_LOOP_ANALYSIS = YES;
				CLANG_WARN_STRICT_PROTOTYPES = YES;
				CLANG_WARN_SUSPICIOUS_MOVE = YES;
				CLANG_WARN_UNGUARDED_AVAILABILITY = YES_AGGRESSIVE;
				CLANG_WARN_UNREACHABLE_CODE = YES;
				CLANG_WARN__DUPLICATE_METHOD_MATCH = YES;
				COPY_PHASE_STRIP = NO;
				DEBUG_INFORMATION_FORMAT = "dwarf-with-dsym";
				ENABLE_NS_ASSERTIONS = NO;
				ENABLE_STRICT_OBJC_MSGSEND = YES;
				ENABLE_USER_SCRIPT_SANDBOXING = YES;
				GCC_C_LANGUAGE_STANDARD = gnu17;
				GCC_NO_COMMON_BLOCKS = YES;
				GCC_WARN_64_TO_32_BIT_CONVERSION = YES;
				GCC_WARN_ABOUT_RETURN_TYPE = YES_ERROR;
				GCC_WARN_UNDECLARED_SELECTOR = YES;
				GCC_WARN_UNINITIALIZED_AUTOS = YES_AGGRESSIVE;
				GCC_WARN_UNUSED_FUNCTION = YES;
				GCC_WARN_UNUSED_VARIABLE = YES;
				IPHONEOS_DEPLOYMENT_TARGET = 17.0;
				LOCALIZATION_PREFERS_STRING_CATALOGS = YES;
				MTL_ENABLE_DEBUG_INFO = NO;
				MTL_FAST_MATH = YES;
				SDKROOT = iphoneos;
				SWIFT_COMPILATION_MODE = wholemodule;
				VALIDATE_PRODUCT = YES;
			};
			name = Release;
		};
		A1234567890123456789016C /* Debug */ = {
			isa = XCBuildConfiguration;
			buildSettings = {
				ASSETCATALOG_COMPILER_APPICON_NAME = AppIcon;
				ASSETCATALOG_COMPILER_GLOBAL_ACCENT_COLOR_NAME = AccentColor;
				CODE_SIGN_STYLE = Automatic;
				CURRENT_PROJECT_VERSION = 1;
				DEVELOPMENT_ASSET_PATHS = "\"StitchVision/Preview Content\"";
				ENABLE_PREVIEWS = YES;
				INFOPLIST_FILE = StitchVision/Info.plist;
				INFOPLIST_KEY_UIApplicationSceneManifest_Generation = YES;
				INFOPLIST_KEY_UIApplicationSupportsIndirectInputEvents = YES;
				INFOPLIST_KEY_UILaunchScreen_Generation = YES;
				INFOPLIST_KEY_UISupportedInterfaceOrientations_iPad = "UIInterfaceOrientationPortrait UIInterfaceOrientationPortraitUpsideDown UIInterfaceOrientationLandscapeLeft UIInterfaceOrientationLandscapeRight";
				INFOPLIST_KEY_UISupportedInterfaceOrientations_iPhone = "UIInterfaceOrientationPortrait UIInterfaceOrientationLandscapeLeft UIInterfaceOrientationLandscapeRight";
				LD_RUNPATH_SEARCH_PATHS = (
					"$(inherited)",
					"@executable_path/Frameworks",
				);
				MARKETING_VERSION = 1.0;
				PRODUCT_BUNDLE_IDENTIFIER = com.stitchvision.app;
				PRODUCT_NAME = "$(TARGET_NAME)";
				SWIFT_EMIT_LOC_STRINGS = YES;
				SWIFT_VERSION = 5.0;
				TARGETED_DEVICE_FAMILY = "1,2";
			};
			name = Debug;
		};
		A1234567890123456789016D /* Release */ = {
			isa = XCBuildConfiguration;
			buildSettings = {
				ASSETCATALOG_COMPILER_APPICON_NAME = AppIcon;
				ASSETCATALOG_COMPILER_GLOBAL_ACCENT_COLOR_NAME = AccentColor;
				CODE_SIGN_STYLE = Automatic;
				CURRENT_PROJECT_VERSION = 1;
				DEVELOPMENT_ASSET_PATHS = "\"StitchVision/Preview Content\"";
				ENABLE_PREVIEWS = YES;
				INFOPLIST_FILE = StitchVision/Info.plist;
				INFOPLIST_KEY_UIApplicationSceneManifest_Generation = YES;
				INFOPLIST_KEY_UIApplicationSupportsIndirectInputEvents = YES;
				INFOPLIST_KEY_UILaunchScreen_Generation = YES;
				INFOPLIST_KEY_UISupportedInterfaceOrientations_iPad = "UIInterfaceOrientationPortrait UIInterfaceOrientationPortraitUpsideDown UIInterfaceOrientationLandscapeLeft UIInterfaceOrientationLandscapeRight";
				INFOPLIST_KEY_UISupportedInterfaceOrientations_iPhone = "UIInterfaceOrientationPortrait UIInterfaceOrientationLandscapeLeft UIInterfaceOrientationLandscapeRight";
				LD_RUNPATH_SEARCH_PATHS = (
					"$(inherited)",
					"@executable_path/Frameworks",
				);
				MARKETING_VERSION = 1.0;
				PRODUCT_BUNDLE_IDENTIFIER = com.stitchvision.app;
				PRODUCT_NAME = "$(TARGET_NAME)";
				SWIFT_EMIT_LOC_STRINGS = YES;
				SWIFT_VERSION = 5.0;
				TARGETED_DEVICE_FAMILY = "1,2";
			};
			name = Release;
		};
/* End XCBuildConfiguration section */

/* Begin XCConfigurationList section */
		A1234567890123456789015B /* Build configuration list for PBXNativeTarget "StitchVision" */ = {
			isa = XCConfigurationList;
			buildConfigurations = (
				A1234567890123456789016C /* Debug */,
				A1234567890123456789016D /* Release */,
			);
			defaultConfigurationIsVisible = 0;
			defaultConfigurationName = Release;
		};
		A1234567890123456789015F /* Build configuration list for PBXProject "StitchVision" */ = {
			isa = XCConfigurationList;
			buildConfigurations = (
				A1234567890123456789016A /* Debug */,
				A1234567890123456789016B /* Release */,
			);
			defaultConfigurationIsVisible = 0;
			defaultConfigurationName = Release;
		};
/* End XCConfigurationList section */
	};
	rootObject = A1234567890123456789015E /* Project object */;
}